{
  "name": "demo",
  "version": "0.0.0",
  "lockfileVersion": 1,
  "requires": true,
  "dependencies": {
    "@types/bson": {
      "version": "1.0.11",
      "resolved": "https://registry.npmjs.org/@types/bson/-/bson-1.0.11.tgz",
      "integrity": "sha512-j+UcCWI+FsbI5/FQP/Kj2CXyplWAz39ktHFkXk84h7dNblKRSoNJs95PZFRd96NQGqsPEPgeclqnznWZr14ZDA==",
      "dev": true,
      "requires": {
        "@types/node": "10.9.4"
      }
    },
    "@types/events": {
      "version": "1.2.0",
      "resolved": "https://registry.npmjs.org/@types/events/-/events-1.2.0.tgz",
      "integrity": "sha512-KEIlhXnIutzKwRbQkGWb/I4HFqBuUykAdHgDED6xqwXJfONCjF5VoE0cXEiurh3XauygxzeDzgtXUqvLkxFzzA==",
      "dev": true
    },
    "@types/mongodb": {
      "version": "3.1.7",
      "resolved": "https://registry.npmjs.org/@types/mongodb/-/mongodb-3.1.7.tgz",
      "integrity": "sha512-ljS4mE9o3apEkI59pftdnLf3b1ZczMPtXWp1myrhR+E/CLk0O5SjbTt6Rn3OxMB+Qc2eAytrQVufa4y1pFqE2A==",
      "dev": true,
      "requires": {
        "@types/bson": "1.0.11",
        "@types/events": "1.2.0",
        "@types/node": "10.9.4"
      }
    },
    "@types/mongoose": {
      "version": "5.2.13",
      "resolved": "https://registry.npmjs.org/@types/mongoose/-/mongoose-5.2.13.tgz",
      "integrity": "sha512-qGe74gEUUVRKiNJGsqSF8LT3G99RpLZgkRSec4/FtKuGJRQqEj1dEaD8u3cH7m9cFCNLXBVwojVLd85pKIhU6Q==",
      "dev": true,
      "requires": {
        "@types/events": "1.2.0",
        "@types/mongodb": "3.1.7",
        "@types/node": "10.9.4"
      }
    },
    "@types/node": {
      "version": "10.9.4",
      "resolved": "https://registry.npmjs.org/@types/node/-/node-10.9.4.tgz",
      "integrity": "sha512-fCHV45gS+m3hH17zgkgADUSi2RR1Vht6wOZ0jyHP8rjiQra9f+mIcgwPQHllmDocYOstIEbKlxbFDYlgrTPYqw==",
      "dev": true
    }
  }
}
